
Microsoft Visual Studio Solution File, Format Version 12.00
# Visual Studio Version 16
VisualStudioVersion = 16.0.30204.135
MinimumVisualStudioVersion = 10.0.40219.1
Project("{9A19103F-16F7-4668-BE54-9A1E7A4F7556}") = "Bombs", "Bombs\Bombs.csproj", "{3DE18B7C-8B71-46A3-BEF5-9027304ED4CE}"
EndProject
Project("{FAE04EC0-301F-11D3-BF4B-00C04F79EFBC}") = "Snake", "Snake\Snake.csproj", "{55DCB4BF-EC81-4B76-9856-FE3258C50F19}"
EndProject
Project("{FAE04EC0-301F-11D3-BF4B-00C04F79EFBC}") = "Parking", "Parking\Parking.csproj", "{75A5E398-8C31-4327-A75D-D40AE4F98136}"
EndProject
Global
	GlobalSection(SolutionConfigurationPlatforms) = preSolution
		Debug|Any CPU = Debug|Any CPU
		Release|Any CPU = Release|Any CPU
	EndGlobalSection
	GlobalSection(ProjectConfigurationPlatforms) = postSolution
		{3DE18B7C-8B71-46A3-BEF5-9027304ED4CE}.Debug|Any CPU.ActiveCfg = Debug|Any CPU
		{3DE18B7C-8B71-46A3-BEF5-9027304ED4CE}.Debug|Any CPU.Build.0 = Debug|Any CPU
		{3DE18B7C-8B71-46A3-BEF5-9027304ED4CE}.Release|Any CPU.ActiveCfg = Release|Any CPU
		{3DE18B7C-8B71-46A3-BEF5-9027304ED4CE}.Release|Any CPU.Build.0 = Release|Any CPU
		{55DCB4BF-EC81-4B76-9856-FE3258C50F19}.Debug|Any CPU.ActiveCfg = Debug|Any CPU
		{55DCB4BF-EC81-4B76-9856-FE3258C50F19}.Debug|Any CPU.Build.0 = Debug|Any CPU
		{55DCB4BF-EC81-4B76-9856-FE3258C50F19}.Release|Any CPU.ActiveCfg = Release|Any CPU
		{55DCB4BF-EC81-4B76-9856-FE3258C50F19}.Release|Any CPU.Build.0 = Release|Any CPU
		{75A5E398-8C31-4327-A75D-D40AE4F98136}.Debug|Any CPU.ActiveCfg = Debug|Any CPU
		{75A5E398-8C31-4327-A75D-D40AE4F98136}.Debug|Any CPU.Build.0 = Debug|Any CPU
		{75A5E398-8C31-4327-A75D-D40AE4F98136}.Release|Any CPU.ActiveCfg = Release|Any CPU
		{75A5E398-8C31-4327-A75D-D40AE4F98136}.Release|Any CPU.Build.0 = Release|Any CPU
	EndGlobalSection
	GlobalSection(SolutionProperties) = preSolution
		HideSolutionNode = FALSE
	EndGlobalSection
	GlobalSection(ExtensibilityGlobals) = postSolution
		SolutionGuid = {EFB49F3B-D9D0-43BA-8AE6-3E9B2F13DF45}
	EndGlobalSection
EndGlobal
